
Microsoft Visual Studio Solution File, Format Version 12.00
# Visual Studio 14
VisualStudioVersion = 14.0.23107.0
MinimumVisualStudioVersion = 10.0.40219.1
Project("{FAE04EC0-301F-11D3-BF4B-00C04F79EFBC}") = "Server", "Server.csproj", "{01956F7A-7E5C-4DC7-B8BC-342ED7E104D5}"
EndProject
Project("{2150E333-8FDC-42A3-9474-1A3956D46DE8}") = "Solution Items", "Solution Items", "{B4575AFB-538D-438E-B244-B65E4A31D416}"
	ProjectSection(SolutionItems) = preProject
		..\Shared\Shared.sln = ..\Shared\Shared.sln
	EndProjectSection
EndProject
Project("{FAE04EC0-301F-11D3-BF4B-00C04F79EFBC}") = "Client", "..\Client\Client.csproj", "{C9C66E91-364B-DC9B-7A9F-2F71FB13FDD4}"
EndProject
Global
	GlobalSection(SolutionConfigurationPlatforms) = preSolution
		Debug|Any CPU = Debug|Any CPU
		Release|Any CPU = Release|Any CPU
	EndGlobalSection
	GlobalSection(ProjectConfigurationPlatforms) = postSolution
		{01956F7A-7E5C-4DC7-B8BC-342ED7E104D5}.Debug|Any CPU.ActiveCfg = Debug|Any CPU
		{01956F7A-7E5C-4DC7-B8BC-342ED7E104D5}.Debug|Any CPU.Build.0 = Debug|Any CPU
		{01956F7A-7E5C-4DC7-B8BC-342ED7E104D5}.Release|Any CPU.ActiveCfg = Release|Any CPU
		{01956F7A-7E5C-4DC7-B8BC-342ED7E104D5}.Release|Any CPU.Build.0 = Release|Any CPU
		{C9C66E91-364B-DC9B-7A9F-2F71FB13FDD4}.Debug|Any CPU.ActiveCfg = Debug|Any CPU
		{C9C66E91-364B-DC9B-7A9F-2F71FB13FDD4}.Debug|Any CPU.Build.0 = Debug|Any CPU
		{C9C66E91-364B-DC9B-7A9F-2F71FB13FDD4}.Release|Any CPU.ActiveCfg = Release|Any CPU
		{C9C66E91-364B-DC9B-7A9F-2F71FB13FDD4}.Release|Any CPU.Build.0 = Release|Any CPU
	EndGlobalSection
	GlobalSection(SolutionProperties) = preSolution
		HideSolutionNode = FALSE
	EndGlobalSection
EndGlobal
